
Microsoft Visual Studio Solution File, Format Version 12.00
# Visual Studio Version 16
VisualStudioVersion = 16.0.28803.352
MinimumVisualStudioVersion = 10.0.40219.1
Project("{FAE04EC0-301F-11D3-BF4B-00C04F79EFBC}") = "ClickOnScrollIssue.Android", "ClickOnScrollIssue\ClickOnScrollIssue.Android\ClickOnScrollIssue.Android.csproj", "{D315FD19-548C-4DF4-81DC-0746506AB591}"
EndProject
Project("{FAE04EC0-301F-11D3-BF4B-00C04F79EFBC}") = "ClickOnScrollIssue.iOS", "ClickOnScrollIssue\ClickOnScrollIssue.iOS\ClickOnScrollIssue.iOS.csproj", "{FF7634E8-815E-4940-9119-8BB8FE39246A}"
EndProject
Project("{FAE04EC0-301F-11D3-BF4B-00C04F79EFBC}") = "ClickOnScrollIssue", "ClickOnScrollIssue\ClickOnScrollIssue\ClickOnScrollIssue.csproj", "{421C3151-6CF2-490A-82DD-16A30695C69D}"
EndProject
Global
	GlobalSection(SolutionConfigurationPlatforms) = preSolution
		Debug|Any CPU = Debug|Any CPU
		Debug|iPhone = Debug|iPhone
		Debug|iPhoneSimulator = Debug|iPhoneSimulator
		Release|Any CPU = Release|Any CPU
		Release|iPhone = Release|iPhone
		Release|iPhoneSimulator = Release|iPhoneSimulator
	EndGlobalSection
	GlobalSection(ProjectConfigurationPlatforms) = postSolution
		{D315FD19-548C-4DF4-81DC-0746506AB591}.Debug|Any CPU.ActiveCfg = Debug|Any CPU
		{D315FD19-548C-4DF4-81DC-0746506AB591}.Debug|Any CPU.Build.0 = Debug|Any CPU
		{D315FD19-548C-4DF4-81DC-0746506AB591}.Debug|Any CPU.Deploy.0 = Debug|Any CPU
		{D315FD19-548C-4DF4-81DC-0746506AB591}.Debug|iPhone.ActiveCfg = Debug|Any CPU
		{D315FD19-548C-4DF4-81DC-0746506AB591}.Debug|iPhone.Build.0 = Debug|Any CPU
		{D315FD19-548C-4DF4-81DC-0746506AB591}.Debug|iPhone.Deploy.0 = Debug|Any CPU
		{D315FD19-548C-4DF4-81DC-0746506AB591}.Debug|iPhoneSimulator.ActiveCfg = Debug|Any CPU
		{D315FD19-548C-4DF4-81DC-0746506AB591}.Debug|iPhoneSimulator.Build.0 = Debug|Any CPU
		{D315FD19-548C-4DF4-81DC-0746506AB591}.Debug|iPhoneSimulator.Deploy.0 = Debug|Any CPU
		{D315FD19-548C-4DF4-81DC-0746506AB591}.Release|Any CPU.ActiveCfg = Release|Any CPU
		{D315FD19-548C-4DF4-81DC-0746506AB591}.Release|Any CPU.Build.0 = Release|Any CPU
		{D315FD19-548C-4DF4-81DC-0746506AB591}.Release|Any CPU.Deploy.0 = Release|Any CPU
		{D315FD19-548C-4DF4-81DC-0746506AB591}.Release|iPhone.ActiveCfg = Release|Any CPU
		{D315FD19-548C-4DF4-81DC-0746506AB591}.Release|iPhone.Build.0 = Release|Any CPU
		{D315FD19-548C-4DF4-81DC-0746506AB591}.Release|iPhone.Deploy.0 = Release|Any CPU
		{D315FD19-548C-4DF4-81DC-0746506AB591}.Release|iPhoneSimulator.ActiveCfg = Release|Any CPU
		{D315FD19-548C-4DF4-81DC-0746506AB591}.Release|iPhoneSimulator.Build.0 = Release|Any CPU
		{D315FD19-548C-4DF4-81DC-0746506AB591}.Release|iPhoneSimulator.Deploy.0 = Release|Any CPU
		{FF7634E8-815E-4940-9119-8BB8FE39246A}.Debug|Any CPU.ActiveCfg = Debug|iPhoneSimulator
		{FF7634E8-815E-4940-9119-8BB8FE39246A}.Debug|Any CPU.Build.0 = Debug|iPhoneSimulator
		{FF7634E8-815E-4940-9119-8BB8FE39246A}.Debug|Any CPU.Deploy.0 = Debug|iPhoneSimulator
		{FF7634E8-815E-4940-9119-8BB8FE39246A}.Debug|iPhone.ActiveCfg = Debug|iPhone
		{FF7634E8-815E-4940-9119-8BB8FE39246A}.Debug|iPhone.Build.0 = Debug|iPhone
		{FF7634E8-815E-4940-9119-8BB8FE39246A}.Debug|iPhone.Deploy.0 = Debug|iPhone
		{FF7634E8-815E-4940-9119-8BB8FE39246A}.Debug|iPhoneSimulator.ActiveCfg = Debug|iPhoneSimulator
		{FF7634E8-815E-4940-9119-8BB8FE39246A}.Debug|iPhoneSimulator.Build.0 = Debug|iPhoneSimulator
		{FF7634E8-815E-4940-9119-8BB8FE39246A}.Debug|iPhoneSimulator.Deploy.0 = Debug|iPhoneSimulator
		{FF7634E8-815E-4940-9119-8BB8FE39246A}.Release|Any CPU.ActiveCfg = Release|iPhone
		{FF7634E8-815E-4940-9119-8BB8FE39246A}.Release|Any CPU.Build.0 = Release|iPhone
		{FF7634E8-815E-4940-9119-8BB8FE39246A}.Release|Any CPU.Deploy.0 = Release|iPhone
		{FF7634E8-815E-4940-9119-8BB8FE39246A}.Release|iPhone.ActiveCfg = Release|iPhone
		{FF7634E8-815E-4940-9119-8BB8FE39246A}.Release|iPhone.Build.0 = Release|iPhone
		{FF7634E8-815E-4940-9119-8BB8FE39246A}.Release|iPhone.Deploy.0 = Release|iPhone
		{FF7634E8-815E-4940-9119-8BB8FE39246A}.Release|iPhoneSimulator.ActiveCfg = Release|iPhoneSimulator
		{FF7634E8-815E-4940-9119-8BB8FE39246A}.Release|iPhoneSimulator.Build.0 = Release|iPhoneSimulator
		{FF7634E8-815E-4940-9119-8BB8FE39246A}.Release|iPhoneSimulator.Deploy.0 = Release|iPhoneSimulator
		{421C3151-6CF2-490A-82DD-16A30695C69D}.Debug|Any CPU.ActiveCfg = Debug|Any CPU
		{421C3151-6CF2-490A-82DD-16A30695C69D}.Debug|Any CPU.Build.0 = Debug|Any CPU
		{421C3151-6CF2-490A-82DD-16A30695C69D}.Debug|Any CPU.Deploy.0 = Debug|Any CPU
		{421C3151-6CF2-490A-82DD-16A30695C69D}.Debug|iPhone.ActiveCfg = Debug|Any CPU
		{421C3151-6CF2-490A-82DD-16A30695C69D}.Debug|iPhone.Build.0 = Debug|Any CPU
		{421C3151-6CF2-490A-82DD-16A30695C69D}.Debug|iPhone.Deploy.0 = Debug|Any CPU
		{421C3151-6CF2-490A-82DD-16A30695C69D}.Debug|iPhoneSimulator.ActiveCfg = Debug|Any CPU
		{421C3151-6CF2-490A-82DD-16A30695C69D}.Debug|iPhoneSimulator.Build.0 = Debug|Any CPU
		{421C3151-6CF2-490A-82DD-16A30695C69D}.Debug|iPhoneSimulator.Deploy.0 = Debug|Any CPU
		{421C3151-6CF2-490A-82DD-16A30695C69D}.Release|Any CPU.ActiveCfg = Release|Any CPU
		{421C3151-6CF2-490A-82DD-16A30695C69D}.Release|Any CPU.Build.0 = Release|Any CPU
		{421C3151-6CF2-490A-82DD-16A30695C69D}.Release|Any CPU.Deploy.0 = Release|Any CPU
		{421C3151-6CF2-490A-82DD-16A30695C69D}.Release|iPhone.ActiveCfg = Release|Any CPU
		{421C3151-6CF2-490A-82DD-16A30695C69D}.Release|iPhone.Build.0 = Release|Any CPU
		{421C3151-6CF2-490A-82DD-16A30695C69D}.Release|iPhone.Deploy.0 = Release|Any CPU
		{421C3151-6CF2-490A-82DD-16A30695C69D}.Release|iPhoneSimulator.ActiveCfg = Release|Any CPU
		{421C3151-6CF2-490A-82DD-16A30695C69D}.Release|iPhoneSimulator.Build.0 = Release|Any CPU
		{421C3151-6CF2-490A-82DD-16A30695C69D}.Release|iPhoneSimulator.Deploy.0 = Release|Any CPU
	EndGlobalSection
	GlobalSection(SolutionProperties) = preSolution
		HideSolutionNode = FALSE
	EndGlobalSection
	GlobalSection(ExtensibilityGlobals) = postSolution
		SolutionGuid = {FAACC681-7264-499B-9225-1DF7A7E80856}
	EndGlobalSection
EndGlobal
